// !$*UTF8*$!
{
	archiveVersion = 1;
	classes = {
	};
	objectVersion = 46;
	objects = {

/* Begin PBXBuildFile section */
		16341EA71C46984E00C19FC6 /* main.m in Sources */ = {isa = PBXBuildFile; fileRef = 16341EA61C46984E00C19FC6 /* main.m */; };
		16341EAA1C46984E00C19FC6 /* AppDelegate.m in Sources */ = {isa = PBXBuildFile; fileRef = 16341EA91C46984E00C19FC6 /* AppDelegate.m */; };
		16341EAD1C46984E00C19FC6 /* ViewController.m in Sources */ = {isa = PBXBuildFile; fileRef = 16341EAC1C46984E00C19FC6 /* ViewController.m */; };
		16341EB01C46984E00C19FC6 /* Main.storyboard in Resources */ = {isa = PBXBuildFile; fileRef = 16341EAE1C46984E00C19FC6 /* Main.storyboard */; };
		16341EB21C46984E00C19FC6 /* Assets.xcassets in Resources */ = {isa = PBXBuildFile; fileRef = 16341EB11C46984E00C19FC6 /* Assets.xcassets */; };
		16341EB51C46984E00C19FC6 /* LaunchScreen.storyboard in Resources */ = {isa = PBXBuildFile; fileRef = 16341EB31C46984E00C19FC6 /* LaunchScreen.storyboard */; };
		164FB2BF1C48DA8C001686F1 /* CustomCallbackController.m in Sources */ = {isa = PBXBuildFile; fileRef = 164FB2BE1C48DA8C001686F1 /* CustomCallbackController.m */; };
		16D4EE891D86A65500DE6238 /* NoteaconsSDK.framework in Frameworks */ = {isa = PBXBuildFile; fileRef = 16D4EE881D86A65500DE6238 /* NoteaconsSDK.framework */; };
		16D4EE8B1D86A66000DE6238 /* NoteaconsSDK.framework in Embed Frameworks */ = {isa = PBXBuildFile; fileRef = 16D4EE881D86A65500DE6238 /* NoteaconsSDK.framework */; settings = {ATTRIBUTES = (CodeSignOnCopy, RemoveHeadersOnCopy, ); }; };
/* End PBXBuildFile section */

/* Begin PBXCopyFilesBuildPhase section */
		16D387991D48A3CF00C83E4B /* Embed Frameworks */ = {
			isa = PBXCopyFilesBuildPhase;
			buildActionMask = 2147483647;
			dstPath = "";
			dstSubfolderSpec = 10;
			files = (
				16D4EE8B1D86A66000DE6238 /* NoteaconsSDK.framework in Embed Frameworks */,
			);
			name = "Embed Frameworks";
			runOnlyForDeploymentPostprocessing = 0;
		};
/* End PBXCopyFilesBuildPhase section */

/* Begin PBXFileReference section */
		16341EA21C46984E00C19FC6 /* Noteacons.app */ = {isa = PBXFileReference; explicitFileType = wrapper.application; includeInIndex = 0; path = Noteacons.app; sourceTree = BUILT_PRODUCTS_DIR; };
		16341EA61C46984E00C19FC6 /* main.m */ = {isa = PBXFileReference; lastKnownFileType = sourcecode.c.objc; path = main.m; sourceTree = "<group>"; };
		16341EA81C46984E00C19FC6 /* AppDelegate.h */ = {isa = PBXFileReference; lastKnownFileType = sourcecode.c.h; path = AppDelegate.h; sourceTree = "<group>"; };
		16341EA91C46984E00C19FC6 /* AppDelegate.m */ = {isa = PBXFileReference; lastKnownFileType = sourcecode.c.objc; path = AppDelegate.m; sourceTree = "<group>"; };
		16341EAB1C46984E00C19FC6 /* ViewController.h */ = {isa = PBXFileReference; lastKnownFileType = sourcecode.c.h; lineEnding = 0; path = ViewController.h; sourceTree = "<group>"; xcLanguageSpecificationIdentifier = xcode.lang.objcpp; };
		16341EAC1C46984E00C19FC6 /* ViewController.m */ = {isa = PBXFileReference; lastKnownFileType = sourcecode.c.objc; lineEnding = 0; path = ViewController.m; sourceTree = "<group>"; xcLanguageSpecificationIdentifier = xcode.lang.objc; };
		16341EAF1C46984E00C19FC6 /* Base */ = {isa = PBXFileReference; lastKnownFileType = file.storyboard; name = Base; path = Base.lproj/Main.storyboard; sourceTree = "<group>"; };
		16341EB11C46984E00C19FC6 /* Assets.xcassets */ = {isa = PBXFileReference; lastKnownFileType = folder.assetcatalog; path = Assets.xcassets; sourceTree = "<group>"; };
		16341EB41C46984E00C19FC6 /* Base */ = {isa = PBXFileReference; lastKnownFileType = file.storyboard; name = Base; path = Base.lproj/LaunchScreen.storyboard; sourceTree = "<group>"; };
		16341EB61C46984E00C19FC6 /* Info.plist */ = {isa = PBXFileReference; lastKnownFileType = text.plist.xml; path = Info.plist; sourceTree = "<group>"; };
		164FB2BD1C48DA70001686F1 /* CustomCallbackController.h */ = {isa = PBXFileReference; lastKnownFileType = sourcecode.c.h; path = CustomCallbackController.h; sourceTree = "<group>"; };
		164FB2BE1C48DA8C001686F1 /* CustomCallbackController.m */ = {isa = PBXFileReference; fileEncoding = 4; lastKnownFileType = sourcecode.c.objc; lineEnding = 0; path = CustomCallbackController.m; sourceTree = "<group>"; xcLanguageSpecificationIdentifier = xcode.lang.objc; };
		16D4EE881D86A65500DE6238 /* NoteaconsSDK.framework */ = {isa = PBXFileReference; lastKnownFileType = wrapper.framework; name = NoteaconsSDK.framework; path = Carthage/Build/iOS/NoteaconsSDK.framework; sourceTree = SOURCE_ROOT; };
/* End PBXFileReference section */

/* Begin PBXFrameworksBuildPhase section */
		16341E9F1C46984E00C19FC6 /* Frameworks */ = {
			isa = PBXFrameworksBuildPhase;
			buildActionMask = 2147483647;
			files = (
				16D4EE891D86A65500DE6238 /* NoteaconsSDK.framework in Frameworks */,
			);
			runOnlyForDeploymentPostprocessing = 0;
		};
/* End PBXFrameworksBuildPhase section */

/* Begin PBXGroup section */
		16341E991C46984E00C19FC6 = {
			isa = PBXGroup;
			children = (
				16341EA41C46984E00C19FC6 /* Noteacons Demo */,
				16341EA31C46984E00C19FC6 /* Products */,
			);
			sourceTree = "<group>";
		};
		16341EA31C46984E00C19FC6 /* Products */ = {
			isa = PBXGroup;
			children = (
				16341EA21C46984E00C19FC6 /* Noteacons.app */,
			);
			name = Products;
			sourceTree = "<group>";
		};
		16341EA41C46984E00C19FC6 /* Noteacons Demo */ = {
			isa = PBXGroup;
			children = (
				16D879631C47B74A00F81574 /* Frameworks */,
				16341EA81C46984E00C19FC6 /* AppDelegate.h */,
				16341EA91C46984E00C19FC6 /* AppDelegate.m */,
				16341EAB1C46984E00C19FC6 /* ViewController.h */,
				16341EAC1C46984E00C19FC6 /* ViewController.m */,
				164FB2BD1C48DA70001686F1 /* CustomCallbackController.h */,
				164FB2BE1C48DA8C001686F1 /* CustomCallbackController.m */,
				16341EAE1C46984E00C19FC6 /* Main.storyboard */,
				16341EB11C46984E00C19FC6 /* Assets.xcassets */,
				16341EB31C46984E00C19FC6 /* LaunchScreen.storyboard */,
				16341EB61C46984E00C19FC6 /* Info.plist */,
				16341EA51C46984E00C19FC6 /* Supporting Files */,
			);
			name = "Noteacons Demo";
			path = NoteaconsDemo;
			sourceTree = "<group>";
		};
		16341EA51C46984E00C19FC6 /* Supporting Files */ = {
			isa = PBXGroup;
			children = (
				16341EA61C46984E00C19FC6 /* main.m */,
			);
			name = "Supporting Files";
			sourceTree = "<group>";
		};
		16D879631C47B74A00F81574 /* Frameworks */ = {
			isa = PBXGroup;
			children = (
				16D4EE881D86A65500DE6238 /* NoteaconsSDK.framework */,
			);
			name = Frameworks;
			sourceTree = "<group>";
		};
/* End PBXGroup section */

/* Begin PBXNativeTarget section */
		16341EA11C46984E00C19FC6 /* Noteacons */ = {
			isa = PBXNativeTarget;
			buildConfigurationList = 16341EB91C46984E00C19FC6 /* Build configuration list for PBXNativeTarget "Noteacons" */;
			buildPhases = (
				16341E9E1C46984E00C19FC6 /* Sources */,
				16341E9F1C46984E00C19FC6 /* Frameworks */,
				16341EA01C46984E00C19FC6 /* Resources */,
				16D387991D48A3CF00C83E4B /* Embed Frameworks */,
			);
			buildRules = (
			);
			dependencies = (
			);
			name = Noteacons;
			productName = NoteaconsDemo;
			productReference = 16341EA21C46984E00C19FC6 /* Noteacons.app */;
			productType = "com.apple.product-type.application";
		};
/* End PBXNativeTarget section */

/* Begin PBXProject section */
		16341E9A1C46984E00C19FC6 /* Project object */ = {
			isa = PBXProject;
			attributes = {
				LastUpgradeCheck = 0720;
				ORGANIZATIONNAME = Deverware;
				TargetAttributes = {
					16341EA11C46984E00C19FC6 = {
						CreatedOnToolsVersion = 7.2;
						DevelopmentTeam = 8CMCRC5CC9;
					};
				};
			};
			buildConfigurationList = 16341E9D1C46984E00C19FC6 /* Build configuration list for PBXProject "NoteaconsDemo" */;
			compatibilityVersion = "Xcode 3.2";
			developmentRegion = English;
			hasScannedForEncodings = 0;
			knownRegions = (
				en,
				Base,
			);
			mainGroup = 16341E991C46984E00C19FC6;
			productRefGroup = 16341EA31C46984E00C19FC6 /* Products */;
			projectDirPath = "";
			projectRoot = "";
			targets = (
				16341EA11C46984E00C19FC6 /* Noteacons */,
			);
		};
/* End PBXProject section */

/* Begin PBXResourcesBuildPhase section */
		16341EA01C46984E00C19FC6 /* Resources */ = {
			isa = PBXResourcesBuildPhase;
			buildActionMask = 2147483647;
			files = (
				16341EB51C46984E00C19FC6 /* LaunchScreen.storyboard in Resources */,
				16341EB21C46984E00C19FC6 /* Assets.xcassets in Resources */,
				16341EB01C46984E00C19FC6 /* Main.storyboard in Resources */,
			);
			runOnlyForDeploymentPostprocessing = 0;
		};
/* End PBXResourcesBuildPhase section */

/* Begin PBXSourcesBuildPhase section */
		16341E9E1C46984E00C19FC6 /* Sources */ = {
			isa = PBXSourcesBuildPhase;
			buildActionMask = 2147483647;
			files = (
				16341EAD1C46984E00C19FC6 /* ViewController.m in Sources */,
				164FB2BF1C48DA8C001686F1 /* CustomCallbackController.m in Sources */,
				16341EAA1C46984E00C19FC6 /* AppDelegate.m in Sources */,
				16341EA71C46984E00C19FC6 /* main.m in Sources */,
			);
			runOnlyForDeploymentPostprocessing = 0;
		};
/* End PBXSourcesBuildPhase section */

/* Begin PBXVariantGroup section */
		16341EAE1C46984E00C19FC6 /* Main.storyboard */ = {
			isa = PBXVariantGroup;
			children = (
				16341EAF1C46984E00C19FC6 /* Base */,
			);
			name = Main.storyboard;
			sourceTree = "<group>";
		};
		16341EB31C46984E00C19FC6 /* LaunchScreen.storyboard */ = {
			isa = PBXVariantGroup;
			children = (
				16341EB41C46984E00C19FC6 /* Base */,
			);
			name = LaunchScreen.storyboard;
			sourceTree = "<group>";
		};
/* End PBXVariantGroup section */

/* Begin XCBuildConfiguration section */
		16341EB71C46984E00C19FC6 /* Debug */ = {
			isa = XCBuildConfiguration;
			buildSettings = {
				ALWAYS_SEARCH_USER_PATHS = NO;
				CLANG_CXX_LANGUAGE_STANDARD = "gnu++0x";
				CLANG_CXX_LIBRARY = "libc++";
				CLANG_ENABLE_MODULES = YES;
				CLANG_ENABLE_OBJC_ARC = YES;
				CLANG_WARN_BOOL_CONVERSION = YES;
				CLANG_WARN_CONSTANT_CONVERSION = YES;
				CLANG_WARN_DIRECT_OBJC_ISA_USAGE = YES_ERROR;
				CLANG_WARN_EMPTY_BODY = YES;
				CLANG_WARN_ENUM_CONVERSION = YES;
				CLANG_WARN_INT_CONVERSION = YES;
				CLANG_WARN_OBJC_ROOT_CLASS = YES_ERROR;
				CLANG_WARN_UNREACHABLE_CODE = YES;
				CLANG_WARN__DUPLICATE_METHOD_MATCH = YES;
				"CODE_SIGN_IDENTITY[sdk=iphoneos*]" = "iPhone Developer";
				COPY_PHASE_STRIP = NO;
				DEBUG_INFORMATION_FORMAT = dwarf;
				ENABLE_STRICT_OBJC_MSGSEND = YES;
				ENABLE_TESTABILITY = YES;
				GCC_C_LANGUAGE_STANDARD = gnu99;
				GCC_DYNAMIC_NO_PIC = NO;
				GCC_NO_COMMON_BLOCKS = YES;
				GCC_OPTIMIZATION_LEVEL = 0;
				GCC_PREPROCESSOR_DEFINITIONS = (
					"DEBUG=1",
					"$(inherited)",
				);
				GCC_WARN_64_TO_32_BIT_CONVERSION = YES;
				GCC_WARN_ABOUT_RETURN_TYPE = YES_ERROR;
				GCC_WARN_UNDECLARED_SELECTOR = YES;
				GCC_WARN_UNINITIALIZED_AUTOS = YES_AGGRESSIVE;
				GCC_WARN_UNUSED_FUNCTION = YES;
				GCC_WARN_UNUSED_VARIABLE = YES;
				IPHONEOS_DEPLOYMENT_TARGET = 9.2;
				MTL_ENABLE_DEBUG_INFO = YES;
				ONLY_ACTIVE_ARCH = YES;
				SDKROOT = iphoneos;
			};
			name = Debug;
		};
		16341EB81C46984E00C19FC6 /* Release */ = {
			isa = XCBuildConfiguration;
			buildSettings = {
				ALWAYS_SEARCH_USER_PATHS = NO;
				CLANG_CXX_LANGUAGE_STANDARD = "gnu++0x";
				CLANG_CXX_LIBRARY = "libc++";
				CLANG_ENABLE_MODULES = YES;
				CLANG_ENABLE_OBJC_ARC = YES;
				CLANG_WARN_BOOL_CONVERSION = YES;
				CLANG_WARN_CONSTANT_CONVERSION = YES;
				CLANG_WARN_DIRECT_OBJC_ISA_USAGE = YES_ERROR;
				CLANG_WARN_EMPTY_BODY = YES;
				CLANG_WARN_ENUM_CONVERSION = YES;
				CLANG_WARN_INT_CONVERSION = YES;
				CLANG_WARN_OBJC_ROOT_CLASS = YES_ERROR;
				CLANG_WARN_UNREACHABLE_CODE = YES;
				CLANG_WARN__DUPLICATE_METHOD_MATCH = YES;
				"CODE_SIGN_IDENTITY[sdk=iphoneos*]" = "iPhone Developer";
				COPY_PHASE_STRIP = NO;
				DEBUG_INFORMATION_FORMAT = "dwarf-with-dsym";
				ENABLE_NS_ASSERTIONS = NO;
				ENABLE_STRICT_OBJC_MSGSEND = YES;
				GCC_C_LANGUAGE_STANDARD = gnu99;
				GCC_NO_COMMON_BLOCKS = YES;
				GCC_WARN_64_TO_32_BIT_CONVERSION = YES;
				GCC_WARN_ABOUT_RETURN_TYPE = YES_ERROR;
				GCC_WARN_UNDECLARED_SELECTOR = YES;
				GCC_WARN_UNINITIALIZED_AUTOS = YES_AGGRESSIVE;
				GCC_WARN_UNUSED_FUNCTION = YES;
				GCC_WARN_UNUSED_VARIABLE = YES;
				IPHONEOS_DEPLOYMENT_TARGET = 9.2;
				MTL_ENABLE_DEBUG_INFO = NO;
				SDKROOT = iphoneos;
				VALIDATE_PRODUCT = YES;
			};
			name = Release;
		};
		16341EBA1C46984E00C19FC6 /* Debug */ = {
			isa = XCBuildConfiguration;
			buildSettings = {
				ASSETCATALOG_COMPILER_APPICON_NAME = AppIcon;
				CODE_SIGN_IDENTITY = "iPhone Developer";
				"CODE_SIGN_IDENTITY[sdk=iphoneos*]" = "iPhone Developer";
				FRAMEWORK_SEARCH_PATHS = (
					"$(inherited)",
					"$(PROJECT_DIR)/NoteaconsDemo",
					"$(PROJECT_DIR)",
					"$(PROJECT_DIR)/Carthage/Build/iOS",
				);
				INFOPLIST_FILE = NoteaconsDemo/Info.plist;
				IPHONEOS_DEPLOYMENT_TARGET = 8.0;
				LD_RUNPATH_SEARCH_PATHS = "$(inherited) @executable_path/Frameworks";
				PRODUCT_BUNDLE_IDENTIFIER = com.deveryware.noteaconsdemo;
				PRODUCT_NAME = "$(TARGET_NAME)";
				PROVISIONING_PROFILE = "";
				SDKROOT = iphoneos9.2;
			};
			name = Debug;
		};
		16341EBB1C46984E00C19FC6 /* Release */ = {
			isa = XCBuildConfiguration;
			buildSettings = {
				ASSETCATALOG_COMPILER_APPICON_NAME = AppIcon;
				CODE_SIGN_IDENTITY = "iPhone Developer";
				"CODE_SIGN_IDENTITY[sdk=iphoneos*]" = "iPhone Developer";
				FRAMEWORK_SEARCH_PATHS = (
					"$(inherited)",
					"$(PROJECT_DIR)/NoteaconsDemo",
					"$(PROJECT_DIR)",
					"$(PROJECT_DIR)/Carthage/Build/iOS",
				);
				INFOPLIST_FILE = NoteaconsDemo/Info.plist;
				IPHONEOS_DEPLOYMENT_TARGET = 8.0;
				LD_RUNPATH_SEARCH_PATHS = "$(inherited) @executable_path/Frameworks";
				PRODUCT_BUNDLE_IDENTIFIER = com.deveryware.noteaconsdemo;
				PRODUCT_NAME = "$(TARGET_NAME)";
				PROVISIONING_PROFILE = "";
				SDKROOT = iphoneos9.2;
			};
			name = Release;
		};
/* End XCBuildConfiguration section */

/* Begin XCConfigurationList section */
		16341E9D1C46984E00C19FC6 /* Build configuration list for PBXProject "NoteaconsDemo" */ = {
			isa = XCConfigurationList;
			buildConfigurations = (
				16341EB71C46984E00C19FC6 /* Debug */,
				16341EB81C46984E00C19FC6 /* Release */,
			);
			defaultConfigurationIsVisible = 0;
			defaultConfigurationName = Release;
		};
		16341EB91C46984E00C19FC6 /* Build configuration list for PBXNativeTarget "Noteacons" */ = {
			isa = XCConfigurationList;
			buildConfigurations = (
				16341EBA1C46984E00C19FC6 /* Debug */,
				16341EBB1C46984E00C19FC6 /* Release */,
			);
			defaultConfigurationIsVisible = 0;
			defaultConfigurationName = Release;
		};
/* End XCConfigurationList section */
	};
	rootObject = 16341E9A1C46984E00C19FC6 /* Project object */;
}
